lockfileVersion: '9.0'

settings:
  autoInstallPeers: true
  excludeLinksFromLockfile: false

importers:
  .:
    devDependencies:
      '@types/node':
        specifier: 25.3.0
        version: 25.3.0
      prettier:
        specifier: 3.8.1
        version: 3.8.1
      typescript:
        specifier: 5.9.3
        version: 5.9.3

  packages/cli: {}

  packages/contract:
    dependencies:
      '@midnight-ntwrk/compact-runtime':
        specifier: 0.16.0
        version: 0.16.0
      '@midnight-ntwrk/midnight-js-protocol':
        specifier: 4.1.1
        version: 4.1.1
    devDependencies:
      '@midnight-ntwrk/midnight-js-network-id':
        specifier: 4.1.1
        version: 4.1.1

  packages/sdk:
    dependencies:
      '@aequira/contract':
        specifier: workspace:*
        version: link:../contract
      '@midnight-ntwrk/compact-runtime':
        specifier: 0.16.0
        version: 0.16.0
      '@midnight-ntwrk/midnight-js-contracts':
        specifier: 4.1.1
        version: 4.1.1
      '@midnight-ntwrk/midnight-js-types':
        specifier: 4.1.1
        version: 4.1.1

  packages/ui: {}

packages:
  '@effect/platform@0.95.0':
    resolution:
      {
        integrity: sha512-WDlRiWRSWlmhCPq09bvAofK0qr5vM4yNklXjoJdZHmugKRRTpN/Okn3ODnjgM/Kb/4hjMrRyrsUeH/Brieq7KA==,
      }
    peerDependencies:
      effect: ^3.20.0

  '@midnight-ntwrk/compact-js@2.5.1':
    resolution:
      {
        integrity: sha512-UO0+tDiRadYFO2kaUu9PIhAOISvDKvmiyh9vSOyKEZLj3AUAY1qmmHm/oQrzPqrkiWHO0Rnln/j/zZ5dvc5vxg==,
      }

  '@midnight-ntwrk/compact-runtime@0.16.0':
    resolution:
      {
        integrity: sha512-UR8+MI5zol+gkne17ZZru8xmZNf11xMgQJkiLT9KWsF+QD8Wuz1WONaqQLL0RAZ2aN2XlRsBFd0ViKDVh8prFw==,
      }

  '@midnight-ntwrk/ledger-v8@8.1.0':
    resolution:
      {
        integrity: sha512-rwOVP5kBwACpYmmY6+oLeaiM3e5gHscRMjbZUOntOC5QdtqLdpeep6eQW1OngI+sxjjdVoGg2eE16sLf+DAHmQ==,
      }

  '@midnight-ntwrk/midnight-js-contracts@4.1.1':
    resolution:
      {
        integrity: sha512-vHeKyaj9RXTx+Cep3YpIRgg2EWkzibO4gxI7k/rYpXmGXc3waetrR5sb9FPR7v9SUX00/zf/sYbLp1NZhwZbjg==,
      }

  '@midnight-ntwrk/midnight-js-network-id@4.1.1':
    resolution:
      {
        integrity: sha512-g49IBK0In1Jt2wKgi18rUvoy1ShGVrfb/VvgWALkc9Noc6+4MX5NTLVg5zqu+CyO2waIGb5lqDPnAhTD9wPAOQ==,
      }

  '@midnight-ntwrk/midnight-js-protocol@4.1.1':
    resolution:
      {
        integrity: sha512-JH1010ir3YrawKsA4C08aIXWpFGHrCrAaBkZFbn+xh+iwOX5Ss0WU4//mDSEnHvQN0wD6GTc2JwUfKYFaS2CcA==,
      }

  '@midnight-ntwrk/midnight-js-types@4.1.1':
    resolution:
      {
        integrity: sha512-MPT7YToXN2EsDtOOVSJonYZSZ4eqmdVgftBfH56w+tmZM0sZt9u+Mq18uuBQl9ebpTXnp8o7WqeISbgPMxTBcQ==,
      }

  '@midnight-ntwrk/midnight-js-utils@4.1.1':
    resolution:
      {
        integrity: sha512-b65QADd2FaZbWXe9D3fe9mSGmPlP1DTRMGSruJqhl9fOTNxBhQIzIKs0j/eL9Kv77dVeGDYgQdbV+JkDj3j5Qg==,
      }

  '@midnight-ntwrk/onchain-runtime-v3@3.0.0':
    resolution:
      {
        integrity: sha512-HbFbUOsvgpEFy1OT0Ni2LMFk4jnMQS1em+H+Mof/B3DpnNKl0Lkx5QiulKOc6pyU4KPEagOqx4fYNyVXFwgZ7g==,
      }

  '@midnight-ntwrk/platform-js@2.2.4':
    resolution:
      {
        integrity: sha512-6mrYKSSE8kPgn/5rQ2xofDJk1yAZZRdLOO6Yelweuh5GOnOGz7Qw4venDG/c4TRqtV9ouFp+F5j7ta8aprMinw==,
      }

  '@midnight-ntwrk/wallet-sdk-address-format@3.1.2':
    resolution:
      {
        integrity: sha512-SRkgwmKFOZSUR25iurAB8U7kTKF7AljSl+tMkuuj8Pthc/l0yIg+/q1rFSozJ0Nz9FJRhshazDyrL0l84fOabg==,
      }

  '@msgpackr-extract/msgpackr-extract-darwin-arm64@3.0.4':
    resolution:
      {
        integrity: sha512-LCkGo6JDfaBhgST7UpPWgNgLINpcpabaHfyz5OBx75nUYxBsaEPxjnyNjWpeb/xBup/682QnBfRBy2/LvPutZQ==,
      }
    cpu: [arm64]
    os: [darwin]

  '@msgpackr-extract/msgpackr-extract-darwin-x64@3.0.4':
    resolution:
      {
        integrity: sha512-zExlW9zUJKZH/tOtVMttwjKa4Xm/3KcNjnE3dPN92uCktwavMxpgCA3MoJK/DOnTWsQgo224OaST27/mPNAf+w==,
      }
    cpu: [x64]
    os: [darwin]

  '@msgpackr-extract/msgpackr-extract-linux-arm64@3.0.4':
    resolution:
      {
        integrity: sha512-dgX0P/9wGPJeHFBG+ZmhgE6bmtMt7NP5CRBGyyktpopdk/mW4POnrpQsSLtKI1dwpc+pPLuXHDh6vvskyQE/sw==,
      }
    cpu: [arm64]
    os: [linux]

  '@msgpackr-extract/msgpackr-extract-linux-arm@3.0.4':
    resolution:
      {
        integrity: sha512-Tg3yX65f5GbtXLkrYEHE5oibZG9epyYWas7FogTTEJeDEF9JlXJzKgXaNhT3UXlTOeA+AfZpYZYZ0uPj7Cfquw==,
      }
    cpu: [arm]
    os: [linux]

  '@msgpackr-extract/msgpackr-extract-linux-x64@3.0.4':
    resolution:
      {
        integrity: sha512-8TNXMEjJc3QEy7R/x1INhgiU+XakDAFUzBhaz7+Rbrs8NH5UQeHQxxmzsSBJGyV6I1jW79undiQm8tOI+D+8FQ==,
      }
    cpu: [x64]
    os: [linux]

  '@msgpackr-extract/msgpackr-extract-win32-x64@3.0.4':
    resolution:
      {
        integrity: sha512-CmCXPQrkbwExx3j946/PtHWHbYJiCRBRDl4BlkRQcJB/YOwQxJRTpoo7aTsortjgoJ1x7opzTSxn7C+ASSLVjQ==,
      }
    cpu: [x64]
    os: [win32]

  '@pinojs/redact@0.4.0':
    resolution:
      {
        integrity: sha512-k2ENnmBugE/rzQfEcdWHcCY+/FM3VLzH9cYEsbdsoqrvzAKRhUZeRNhAZvB8OitQJ1TBed3yqWtdjzS6wJKBwg==,
      }

  '@scure/base@2.2.0':
    resolution:
      {
        integrity: sha512-b8XEupJibegiXV+tDUseI8oLQc8ei3d/4Jkb2RpbHh3MfE054ov3uIz2dhFkB3FI8iwYkEh0gGCApkrYggkPNg==,
      }

  '@standard-schema/spec@1.1.0':
    resolution:
      {
        integrity: sha512-l2aFy5jALhniG5HgqrD6jXLi/rUWrKvqN/qJx6yoJsgKhblVd+iqqU4RCXavm/jPityDo5TCvKMnpjKnOriy0w==,
      }

  '@subsquid/scale-codec@4.0.1':
    resolution:
      {
        integrity: sha512-H3mi5GIvlrvOSJVSYQRNnaiulSDktPF4TwUvquAgN86tN4kokyX8XcEM2Htrm1sVWRtMi7SgYpyVR5Yg5iPKUQ==,
      }

  '@subsquid/util-internal-hex@1.2.3':
    resolution:
      {
        integrity: sha512-rGIQKHP+RpriJR56oL/AD43H/KX1EQwsvUy8nP6IHnk/vmaLyC2ECTp5n0jB7kq4NYK4C2VotP3lXHR0vWpa0A==,
      }

  '@subsquid/util-internal-json@1.2.4':
    resolution:
      {
        integrity: sha512-YrEzKjTRPRI4FtJVQqn3mPlIYSWbKGazpOpccRYITmxH0jzKtUfwpIkeCRurVsB/293+oFO8YqyQ6LO14FbLwQ==,
      }

  '@types/node@25.3.0':
    resolution:
      {
        integrity: sha512-4K3bqJpXpqfg2XKGK9bpDTc6xO/xoUP/RBWS7AtRMug6zZFaRekiLzjVtAoZMquxoAbzBvy5nxQ7veS5eYzf8A==,
      }

  '@types/object-inspect@1.13.0':
    resolution:
      {
        integrity: sha512-lwGTVESDDV+XsQ1pH4UifpJ1f7OtXzQ6QBOX2Afq2bM/T3oOt8hF6exJMjjIjtEWeAN2YAo25J7HxWh97CCz9w==,
      }

  atomic-sleep@1.0.0:
    resolution:
      {
        integrity: sha512-kNOjDqAh7px0XWNI+4QbzoiR/nTkHAWNud2uvnJquD1/x5a7EQZMJT0AczqK0Qn67oY/TTQ1LbUKajZpp3I9tQ==,
      }
    engines: { node: '>=8.0.0' }

  detect-libc@2.1.2:
    resolution:
      {
        integrity: sha512-Btj2BOOO83o3WyH59e8MgXsxEQVcarkUOpEYrubB0urwnN10yQ364rsiByU11nZlqWYZm05i/of7io4mzihBtQ==,
      }
    engines: { node: '>=8' }

  effect@3.22.0:
    resolution:
      {
        integrity: sha512-jhYFe0zTlIRqYFrKTS+6luhmS/Tm0f+JLo0K9KUxvtFab1SUGEszQi2ehOP6QzAZvy831lDmTwwzvVDZSPNz3g==,
      }

  fast-check@3.23.2:
    resolution:
      {
        integrity: sha512-h5+1OzzfCC3Ef7VbtKdcv7zsstUQwUDlYpUTvjeUsJAssPgLn7QzbboPtL5ro04Mq0rPOsMzl7q5hIbRs2wD1A==,
      }
    engines: { node: '>=8.0.0' }

  find-my-way-ts@0.1.6:
    resolution:
      {
        integrity: sha512-a85L9ZoXtNAey3Y6Z+eBWW658kO/MwR7zIafkIUPUMf3isZG0NCs2pjW2wtjxAKuJPxMAsHUIP4ZPGv0o5gyTA==,
      }

  msgpackr-extract@3.0.4:
    resolution:
      {
        integrity: sha512-4kmO/MdyUIkLIvTPr8VHLil4AtoKIoniWPIEk5+CDy0xnWC84azhSFmuJ7PxZdsYtiP5kEeQsORAVIeMgxT+Hw==,
      }
    hasBin: true

  msgpackr@1.12.1:
    resolution:
      {
        integrity: sha512-4EUH9tQHnMmEgzW/MdAP0KIfa1T9AF+htl0ffe2n5vb2EKn9y2co8ccpgWko6S52Jy1PQZKwRnx5/KkYjtd9MQ==,
      }

  multipasta@0.2.8:
    resolution:
      {
        integrity: sha512-ZPWuMKyv0cSO29f7hozp+k6+crZbQijV8ipMvxNxRf2SwtYGTX1ZX89Kd20VV4H9Znonx+EQn+iy1wGQsJ+b+Q==,
      }

  node-gyp-build-optional-packages@5.2.2:
    resolution:
      {
        integrity: sha512-s+w+rBWnpTMwSFbaE0UXsRlg7hU4FjekKU4eyAih5T8nJuNZT1nNsskXpxmeqSK9UzkBl6UgRlnKc8hz8IEqOw==,
      }
    hasBin: true

  object-inspect@1.13.4:
    resolution:
      {
        integrity: sha512-W67iLl4J2EXEGTbfeHCffrjDfitvLANg0UlX3wFUUSTx92KXRFegMHUVgSqE+wvhAbi4WqjGg9czysTV2Epbew==,
      }
    engines: { node: '>= 0.4' }

  on-exit-leak-free@2.1.2:
    resolution:
      {
        integrity: sha512-0eJJY6hXLGf1udHwfNftBqH+g73EU4B504nZeKpz1sYRKafAghwxEJunB2O7rDZkL4PGfsMVnTXZ2EjibbqcsA==,
      }
    engines: { node: '>=14.0.0' }

  pino-abstract-transport@3.0.0:
    resolution:
      {
        integrity: sha512-wlfUczU+n7Hy/Ha5j9a/gZNy7We5+cXp8YL+X+PG8S0KXxw7n/JXA3c46Y0zQznIJ83URJiwy7Lh56WLokNuxg==,
      }

  pino-std-serializers@7.1.0:
    resolution:
      {
        integrity: sha512-BndPH67/JxGExRgiX1dX0w1FvZck5Wa4aal9198SrRhZjH3GxKQUKIBnYJTdj2HDN3UQAS06HlfcSbQj2OHmaw==,
      }

  pino@10.3.1:
    resolution:
      {
        integrity: sha512-r34yH/GlQpKZbU1BvFFqOjhISRo1MNx1tWYsYvmj6KIRHSPMT2+yHOEb1SG6NMvRoHRF0a07kCOox/9yakl1vg==,
      }
    hasBin: true

  prettier@3.8.1:
    resolution:
      {
        integrity: sha512-UOnG6LftzbdaHZcKoPFtOcCKztrQ57WkHDeRD9t/PTQtmT0NHSeWWepj6pS0z/N7+08BHFDQVUrfmfMRcZwbMg==,
      }
    engines: { node: '>=14' }
    hasBin: true

  process-warning@5.0.0:
    resolution:
      {
        integrity: sha512-a39t9ApHNx2L4+HBnQKqxxHNs1r7KF+Intd8Q/g1bUh6q0WIp9voPXJ/x0j+ZL45KF1pJd9+q2jLIRMfvEshkA==,
      }

  pure-rand@6.1.0:
    resolution:
      {
        integrity: sha512-bVWawvoZoBYpp6yIoQtQXHZjmz35RSVHnUOTefl8Vcjr8snTPY1wnpSPMWekcFwbxI6gtmT7rSYPFvz71ldiOA==,
      }

  quick-format-unescaped@4.0.4:
    resolution:
      {
        integrity: sha512-tYC1Q1hgyRuHgloV/YXs2w15unPVh8qfu/qCTfhTYamaw7fyhumKa2yGpdSo87vY32rIclj+4fWYQXUMs9EHvg==,
      }

  real-require@0.2.0:
    resolution:
      {
        integrity: sha512-57frrGM/OCTLqLOAh0mhVA9VBMHd+9U7Zb2THMGdBUoZVOtGbJzjxsYGDJ3A9AYYCP4hn6y1TVbaOfzWtm5GFg==,
      }
    engines: { node: '>= 12.13.0' }

  real-require@1.0.0:
    resolution:
      {
        integrity: sha512-P4nbQYQfePJxRSmY+v/KINxVucm4NF3p3s7pJveMTtom52FR4YGltUQLB8idDXwDDWW+eYrWDFbuzUnjoWHF7g==,
      }

  rxjs@7.8.2:
    resolution:
      {
        integrity: sha512-dhKf903U/PQZY6boNNtAGdWbG85WAbjT/1xYoZIC7FAY0yWapOBQVsVrDl58W86//e1VpMNBtRV4MaXfdMySFA==,
      }

  safe-stable-stringify@2.5.0:
    resolution:
      {
        integrity: sha512-b3rppTKm9T+PsVCBEOUR46GWI7fdOs00VKZ1+9c1EWDaDMvjQc6tUwuFyIprgGgTcWoVHSKrU8H31ZHA2e0RHA==,
      }
    engines: { node: '>=10' }

  sonic-boom@4.2.1:
    resolution:
      {
        integrity: sha512-w6AxtubXa2wTXAUsZMMWERrsIRAdrK0Sc+FUytWvYAhBJLyuI4llrMIC1DtlNSdI99EI86KZum2MMq3EAZlF9Q==,
      }

  split2@4.2.0:
    resolution:
      {
        integrity: sha512-UcjcJOWknrNkF6PLX83qcHM6KHgVKNkV62Y8a5uYDVv9ydGQVwAHMKqHdJje1VTWpljG0WYpCDhrCdAOYH4TWg==,
      }
    engines: { node: '>= 10.x' }

  thread-stream@4.2.0:
    resolution:
      {
        integrity: sha512-e2zZ96wSChazBsbENf/Pcm/4swHt2cEKQ92rhUjkL9GCKiTDJIaTBenjE/m9DXi0QBmTMDkFDdOomUy20A1tDQ==,
      }
    engines: { node: '>=20' }

  tslib@2.8.1:
    resolution:
      {
        integrity: sha512-oJFu94HQb+KVduSUQL7wnpmqnfmLsOA/nAh6b6EH0wCEoK0/mPeXU6c3wKDV83MkOuHPRHtSXKKU99IBazS/2w==,
      }

  typescript@5.9.3:
    resolution:
      {
        integrity: sha512-jl1vZzPDinLr9eUt3J/t7V6FgNEw9QjvBPdysz9KfQDD41fQrC2Y4vKQdiaUpFT4bXlb1RHhLpp8wtm6M5TgSw==,
      }
    engines: { node: '>=14.17' }
    hasBin: true

  undici-types@7.18.2:
    resolution:
      {
        integrity: sha512-AsuCzffGHJybSaRrmr5eHr81mwJU3kjw6M+uprWvCXiNeN9SOGwQ3Jn8jb8m3Z6izVgknn1R0FTCEAP2QrLY/w==,
      }

snapshots:
  '@effect/platform@0.95.0(effect@3.22.0)':
    dependencies:
      effect: 3.22.0
      find-my-way-ts: 0.1.6
      msgpackr: 1.12.1
      multipasta: 0.2.8

  '@midnight-ntwrk/compact-js@2.5.1':
    dependencies:
      '@effect/platform': 0.95.0(effect@3.22.0)
      '@midnight-ntwrk/compact-runtime': 0.16.0
      '@midnight-ntwrk/ledger-v8': 8.1.0
      '@midnight-ntwrk/platform-js': 2.2.4
      effect: 3.22.0
      tslib: 2.8.1

  '@midnight-ntwrk/compact-runtime@0.16.0':
    dependencies:
      '@midnight-ntwrk/onchain-runtime-v3': 3.0.0
      '@types/object-inspect': 1.13.0
      object-inspect: 1.13.4

  '@midnight-ntwrk/ledger-v8@8.1.0': {}

  '@midnight-ntwrk/midnight-js-contracts@4.1.1':
    dependencies:
      '@midnight-ntwrk/midnight-js-network-id': 4.1.1
      '@midnight-ntwrk/midnight-js-protocol': 4.1.1
      '@midnight-ntwrk/midnight-js-types': 4.1.1
      '@midnight-ntwrk/midnight-js-utils': 4.1.1

  '@midnight-ntwrk/midnight-js-network-id@4.1.1': {}

  '@midnight-ntwrk/midnight-js-protocol@4.1.1':
    dependencies:
      '@midnight-ntwrk/compact-js': 2.5.1
      '@midnight-ntwrk/compact-runtime': 0.16.0
      '@midnight-ntwrk/ledger-v8': 8.1.0
      '@midnight-ntwrk/onchain-runtime-v3': 3.0.0
      '@midnight-ntwrk/platform-js': 2.2.4

  '@midnight-ntwrk/midnight-js-types@4.1.1':
    dependencies:
      '@midnight-ntwrk/midnight-js-protocol': 4.1.1
      effect: 3.22.0
      pino: 10.3.1
      rxjs: 7.8.2

  '@midnight-ntwrk/midnight-js-utils@4.1.1':
    dependencies:
      '@midnight-ntwrk/midnight-js-network-id': 4.1.1
      '@midnight-ntwrk/midnight-js-protocol': 4.1.1
      '@midnight-ntwrk/wallet-sdk-address-format': 3.1.2

  '@midnight-ntwrk/onchain-runtime-v3@3.0.0': {}

  '@midnight-ntwrk/platform-js@2.2.4':
    dependencies:
      '@effect/platform': 0.95.0(effect@3.22.0)
      effect: 3.22.0
      tslib: 2.8.1

  '@midnight-ntwrk/wallet-sdk-address-format@3.1.2':
    dependencies:
      '@midnight-ntwrk/ledger-v8': 8.1.0
      '@scure/base': 2.2.0
      '@subsquid/scale-codec': 4.0.1

  '@msgpackr-extract/msgpackr-extract-darwin-arm64@3.0.4':
    optional: true

  '@msgpackr-extract/msgpackr-extract-darwin-x64@3.0.4':
    optional: true

  '@msgpackr-extract/msgpackr-extract-linux-arm64@3.0.4':
    optional: true

  '@msgpackr-extract/msgpackr-extract-linux-arm@3.0.4':
    optional: true

  '@msgpackr-extract/msgpackr-extract-linux-x64@3.0.4':
    optional: true

  '@msgpackr-extract/msgpackr-extract-win32-x64@3.0.4':
    optional: true

  '@pinojs/redact@0.4.0': {}

  '@scure/base@2.2.0': {}

  '@standard-schema/spec@1.1.0': {}

  '@subsquid/scale-codec@4.0.1':
    dependencies:
      '@subsquid/util-internal-hex': 1.2.3
      '@subsquid/util-internal-json': 1.2.4

  '@subsquid/util-internal-hex@1.2.3': {}

  '@subsquid/util-internal-json@1.2.4':
    dependencies:
      '@subsquid/util-internal-hex': 1.2.3

  '@types/node@25.3.0':
    dependencies:
      undici-types: 7.18.2

  '@types/object-inspect@1.13.0': {}

  atomic-sleep@1.0.0: {}

  detect-libc@2.1.2:
    optional: true

  effect@3.22.0:
    dependencies:
      '@standard-schema/spec': 1.1.0
      fast-check: 3.23.2

  fast-check@3.23.2:
    dependencies:
      pure-rand: 6.1.0

  find-my-way-ts@0.1.6: {}

  msgpackr-extract@3.0.4:
    dependencies:
      node-gyp-build-optional-packages: 5.2.2
    optionalDependencies:
      '@msgpackr-extract/msgpackr-extract-darwin-arm64': 3.0.4
      '@msgpackr-extract/msgpackr-extract-darwin-x64': 3.0.4
      '@msgpackr-extract/msgpackr-extract-linux-arm': 3.0.4
      '@msgpackr-extract/msgpackr-extract-linux-arm64': 3.0.4
      '@msgpackr-extract/msgpackr-extract-linux-x64': 3.0.4
      '@msgpackr-extract/msgpackr-extract-win32-x64': 3.0.4
    optional: true

  msgpackr@1.12.1:
    optionalDependencies:
      msgpackr-extract: 3.0.4

  multipasta@0.2.8: {}

  node-gyp-build-optional-packages@5.2.2:
    dependencies:
      detect-libc: 2.1.2
    optional: true

  object-inspect@1.13.4: {}

  on-exit-leak-free@2.1.2: {}

  pino-abstract-transport@3.0.0:
    dependencies:
      split2: 4.2.0

  pino-std-serializers@7.1.0: {}

  pino@10.3.1:
    dependencies:
      '@pinojs/redact': 0.4.0
      atomic-sleep: 1.0.0
      on-exit-leak-free: 2.1.2
      pino-abstract-transport: 3.0.0
      pino-std-serializers: 7.1.0
      process-warning: 5.0.0
      quick-format-unescaped: 4.0.4
      real-require: 0.2.0
      safe-stable-stringify: 2.5.0
      sonic-boom: 4.2.1
      thread-stream: 4.2.0

  prettier@3.8.1: {}

  process-warning@5.0.0: {}

  pure-rand@6.1.0: {}

  quick-format-unescaped@4.0.4: {}

  real-require@0.2.0: {}

  real-require@1.0.0: {}

  rxjs@7.8.2:
    dependencies:
      tslib: 2.8.1

  safe-stable-stringify@2.5.0: {}

  sonic-boom@4.2.1:
    dependencies:
      atomic-sleep: 1.0.0

  split2@4.2.0: {}

  thread-stream@4.2.0:
    dependencies:
      real-require: 1.0.0

  tslib@2.8.1: {}

  typescript@5.9.3: {}

  undici-types@7.18.2: {}
