lockfileVersion: '9.0'

settings:
  autoInstallPeers: true
  excludeLinksFromLockfile: false

importers:
  .:
    devDependencies:
      '@types/node':
        specifier: 25.3.0
        version: 25.3.0
      prettier:
        specifier: 3.8.1
        version: 3.8.1
      typescript:
        specifier: 5.9.3
        version: 5.9.3

  packages/cli: {}

  packages/contract:
    dependencies:
      '@midnight-ntwrk/compact-runtime':
        specifier: 0.16.0
        version: 0.16.0
      '@midnight-ntwrk/midnight-js-protocol':
        specifier: 4.1.1
        version: 4.1.1
    devDependencies:
      '@midnight-ntwrk/midnight-js-network-id':
        specifier: 4.1.1
        version: 4.1.1

  packages/sdk: {}

  packages/ui: {}

packages:
  '@effect/platform@0.95.0':
    resolution:
      {
        integrity: sha512-WDlRiWRSWlmhCPq09bvAofK0qr5vM4yNklXjoJdZHmugKRRTpN/Okn3ODnjgM/Kb/4hjMrRyrsUeH/Brieq7KA==,
      }
    peerDependencies:
      effect: ^3.20.0

  '@midnight-ntwrk/compact-js@2.5.1':
    resolution:
      {
        integrity: sha512-UO0+tDiRadYFO2kaUu9PIhAOISvDKvmiyh9vSOyKEZLj3AUAY1qmmHm/oQrzPqrkiWHO0Rnln/j/zZ5dvc5vxg==,
      }

  '@midnight-ntwrk/compact-runtime@0.16.0':
    resolution:
      {
        integrity: sha512-UR8+MI5zol+gkne17ZZru8xmZNf11xMgQJkiLT9KWsF+QD8Wuz1WONaqQLL0RAZ2aN2XlRsBFd0ViKDVh8prFw==,
      }

  '@midnight-ntwrk/ledger-v8@8.1.0':
    resolution:
      {
        integrity: sha512-rwOVP5kBwACpYmmY6+oLeaiM3e5gHscRMjbZUOntOC5QdtqLdpeep6eQW1OngI+sxjjdVoGg2eE16sLf+DAHmQ==,
      }

  '@midnight-ntwrk/midnight-js-network-id@4.1.1':
    resolution:
      {
        integrity: sha512-g49IBK0In1Jt2wKgi18rUvoy1ShGVrfb/VvgWALkc9Noc6+4MX5NTLVg5zqu+CyO2waIGb5lqDPnAhTD9wPAOQ==,
      }

  '@midnight-ntwrk/midnight-js-protocol@4.1.1':
    resolution:
      {
        integrity: sha512-JH1010ir3YrawKsA4C08aIXWpFGHrCrAaBkZFbn+xh+iwOX5Ss0WU4//mDSEnHvQN0wD6GTc2JwUfKYFaS2CcA==,
      }

  '@midnight-ntwrk/onchain-runtime-v3@3.0.0':
    resolution:
      {
        integrity: sha512-HbFbUOsvgpEFy1OT0Ni2LMFk4jnMQS1em+H+Mof/B3DpnNKl0Lkx5QiulKOc6pyU4KPEagOqx4fYNyVXFwgZ7g==,
      }

  '@midnight-ntwrk/platform-js@2.2.4':
    resolution:
      {
        integrity: sha512-6mrYKSSE8kPgn/5rQ2xofDJk1yAZZRdLOO6Yelweuh5GOnOGz7Qw4venDG/c4TRqtV9ouFp+F5j7ta8aprMinw==,
      }

  '@msgpackr-extract/msgpackr-extract-darwin-arm64@3.0.4':
    resolution:
      {
        integrity: sha512-LCkGo6JDfaBhgST7UpPWgNgLINpcpabaHfyz5OBx75nUYxBsaEPxjnyNjWpeb/xBup/682QnBfRBy2/LvPutZQ==,
      }
    cpu: [arm64]
    os: [darwin]

  '@msgpackr-extract/msgpackr-extract-darwin-x64@3.0.4':
    resolution:
      {
        integrity: sha512-zExlW9zUJKZH/tOtVMttwjKa4Xm/3KcNjnE3dPN92uCktwavMxpgCA3MoJK/DOnTWsQgo224OaST27/mPNAf+w==,
      }
    cpu: [x64]
    os: [darwin]

  '@msgpackr-extract/msgpackr-extract-linux-arm64@3.0.4':
    resolution:
      {
        integrity: sha512-dgX0P/9wGPJeHFBG+ZmhgE6bmtMt7NP5CRBGyyktpopdk/mW4POnrpQsSLtKI1dwpc+pPLuXHDh6vvskyQE/sw==,
      }
    cpu: [arm64]
    os: [linux]

  '@msgpackr-extract/msgpackr-extract-linux-arm@3.0.4':
    resolution:
      {
        integrity: sha512-Tg3yX65f5GbtXLkrYEHE5oibZG9epyYWas7FogTTEJeDEF9JlXJzKgXaNhT3UXlTOeA+AfZpYZYZ0uPj7Cfquw==,
      }
    cpu: [arm]
    os: [linux]

  '@msgpackr-extract/msgpackr-extract-linux-x64@3.0.4':
    resolution:
      {
        integrity: sha512-8TNXMEjJc3QEy7R/x1INhgiU+XakDAFUzBhaz7+Rbrs8NH5UQeHQxxmzsSBJGyV6I1jW79undiQm8tOI+D+8FQ==,
      }
    cpu: [x64]
    os: [linux]

  '@msgpackr-extract/msgpackr-extract-win32-x64@3.0.4':
    resolution:
      {
        integrity: sha512-CmCXPQrkbwExx3j946/PtHWHbYJiCRBRDl4BlkRQcJB/YOwQxJRTpoo7aTsortjgoJ1x7opzTSxn7C+ASSLVjQ==,
      }
    cpu: [x64]
    os: [win32]

  '@standard-schema/spec@1.1.0':
    resolution:
      {
        integrity: sha512-l2aFy5jALhniG5HgqrD6jXLi/rUWrKvqN/qJx6yoJsgKhblVd+iqqU4RCXavm/jPityDo5TCvKMnpjKnOriy0w==,
      }

  '@types/node@25.3.0':
    resolution:
      {
        integrity: sha512-4K3bqJpXpqfg2XKGK9bpDTc6xO/xoUP/RBWS7AtRMug6zZFaRekiLzjVtAoZMquxoAbzBvy5nxQ7veS5eYzf8A==,
      }

  '@types/object-inspect@1.13.0':
    resolution:
      {
        integrity: sha512-lwGTVESDDV+XsQ1pH4UifpJ1f7OtXzQ6QBOX2Afq2bM/T3oOt8hF6exJMjjIjtEWeAN2YAo25J7HxWh97CCz9w==,
      }

  detect-libc@2.1.2:
    resolution:
      {
        integrity: sha512-Btj2BOOO83o3WyH59e8MgXsxEQVcarkUOpEYrubB0urwnN10yQ364rsiByU11nZlqWYZm05i/of7io4mzihBtQ==,
      }
    engines: { node: '>=8' }

  effect@3.22.0:
    resolution:
      {
        integrity: sha512-jhYFe0zTlIRqYFrKTS+6luhmS/Tm0f+JLo0K9KUxvtFab1SUGEszQi2ehOP6QzAZvy831lDmTwwzvVDZSPNz3g==,
      }

  fast-check@3.23.2:
    resolution:
      {
        integrity: sha512-h5+1OzzfCC3Ef7VbtKdcv7zsstUQwUDlYpUTvjeUsJAssPgLn7QzbboPtL5ro04Mq0rPOsMzl7q5hIbRs2wD1A==,
      }
    engines: { node: '>=8.0.0' }

  find-my-way-ts@0.1.6:
    resolution:
      {
        integrity: sha512-a85L9ZoXtNAey3Y6Z+eBWW658kO/MwR7zIafkIUPUMf3isZG0NCs2pjW2wtjxAKuJPxMAsHUIP4ZPGv0o5gyTA==,
      }

  msgpackr-extract@3.0.4:
    resolution:
      {
        integrity: sha512-4kmO/MdyUIkLIvTPr8VHLil4AtoKIoniWPIEk5+CDy0xnWC84azhSFmuJ7PxZdsYtiP5kEeQsORAVIeMgxT+Hw==,
      }
    hasBin: true

  msgpackr@1.12.1:
    resolution:
      {
        integrity: sha512-4EUH9tQHnMmEgzW/MdAP0KIfa1T9AF+htl0ffe2n5vb2EKn9y2co8ccpgWko6S52Jy1PQZKwRnx5/KkYjtd9MQ==,
      }

  multipasta@0.2.8:
    resolution:
      {
        integrity: sha512-ZPWuMKyv0cSO29f7hozp+k6+crZbQijV8ipMvxNxRf2SwtYGTX1ZX89Kd20VV4H9Znonx+EQn+iy1wGQsJ+b+Q==,
      }

  node-gyp-build-optional-packages@5.2.2:
    resolution:
      {
        integrity: sha512-s+w+rBWnpTMwSFbaE0UXsRlg7hU4FjekKU4eyAih5T8nJuNZT1nNsskXpxmeqSK9UzkBl6UgRlnKc8hz8IEqOw==,
      }
    hasBin: true

  object-inspect@1.13.4:
    resolution:
      {
        integrity: sha512-W67iLl4J2EXEGTbfeHCffrjDfitvLANg0UlX3wFUUSTx92KXRFegMHUVgSqE+wvhAbi4WqjGg9czysTV2Epbew==,
      }
    engines: { node: '>= 0.4' }

  prettier@3.8.1:
    resolution:
      {
        integrity: sha512-UOnG6LftzbdaHZcKoPFtOcCKztrQ57WkHDeRD9t/PTQtmT0NHSeWWepj6pS0z/N7+08BHFDQVUrfmfMRcZwbMg==,
      }
    engines: { node: '>=14' }
    hasBin: true

  pure-rand@6.1.0:
    resolution:
      {
        integrity: sha512-bVWawvoZoBYpp6yIoQtQXHZjmz35RSVHnUOTefl8Vcjr8snTPY1wnpSPMWekcFwbxI6gtmT7rSYPFvz71ldiOA==,
      }

  tslib@2.8.1:
    resolution:
      {
        integrity: sha512-oJFu94HQb+KVduSUQL7wnpmqnfmLsOA/nAh6b6EH0wCEoK0/mPeXU6c3wKDV83MkOuHPRHtSXKKU99IBazS/2w==,
      }

  typescript@5.9.3:
    resolution:
      {
        integrity: sha512-jl1vZzPDinLr9eUt3J/t7V6FgNEw9QjvBPdysz9KfQDD41fQrC2Y4vKQdiaUpFT4bXlb1RHhLpp8wtm6M5TgSw==,
      }
    engines: { node: '>=14.17' }
    hasBin: true

  undici-types@7.18.2:
    resolution:
      {
        integrity: sha512-AsuCzffGHJybSaRrmr5eHr81mwJU3kjw6M+uprWvCXiNeN9SOGwQ3Jn8jb8m3Z6izVgknn1R0FTCEAP2QrLY/w==,
      }

snapshots:
  '@effect/platform@0.95.0(effect@3.22.0)':
    dependencies:
      effect: 3.22.0
      find-my-way-ts: 0.1.6
      msgpackr: 1.12.1
      multipasta: 0.2.8

  '@midnight-ntwrk/compact-js@2.5.1':
    dependencies:
      '@effect/platform': 0.95.0(effect@3.22.0)
      '@midnight-ntwrk/compact-runtime': 0.16.0
      '@midnight-ntwrk/ledger-v8': 8.1.0
      '@midnight-ntwrk/platform-js': 2.2.4
      effect: 3.22.0
      tslib: 2.8.1

  '@midnight-ntwrk/compact-runtime@0.16.0':
    dependencies:
      '@midnight-ntwrk/onchain-runtime-v3': 3.0.0
      '@types/object-inspect': 1.13.0
      object-inspect: 1.13.4

  '@midnight-ntwrk/ledger-v8@8.1.0': {}

  '@midnight-ntwrk/midnight-js-network-id@4.1.1': {}

  '@midnight-ntwrk/midnight-js-protocol@4.1.1':
    dependencies:
      '@midnight-ntwrk/compact-js': 2.5.1
      '@midnight-ntwrk/compact-runtime': 0.16.0
      '@midnight-ntwrk/ledger-v8': 8.1.0
      '@midnight-ntwrk/onchain-runtime-v3': 3.0.0
      '@midnight-ntwrk/platform-js': 2.2.4

  '@midnight-ntwrk/onchain-runtime-v3@3.0.0': {}

  '@midnight-ntwrk/platform-js@2.2.4':
    dependencies:
      '@effect/platform': 0.95.0(effect@3.22.0)
      effect: 3.22.0
      tslib: 2.8.1

  '@msgpackr-extract/msgpackr-extract-darwin-arm64@3.0.4':
    optional: true

  '@msgpackr-extract/msgpackr-extract-darwin-x64@3.0.4':
    optional: true

  '@msgpackr-extract/msgpackr-extract-linux-arm64@3.0.4':
    optional: true

  '@msgpackr-extract/msgpackr-extract-linux-arm@3.0.4':
    optional: true

  '@msgpackr-extract/msgpackr-extract-linux-x64@3.0.4':
    optional: true

  '@msgpackr-extract/msgpackr-extract-win32-x64@3.0.4':
    optional: true

  '@standard-schema/spec@1.1.0': {}

  '@types/node@25.3.0':
    dependencies:
      undici-types: 7.18.2

  '@types/object-inspect@1.13.0': {}

  detect-libc@2.1.2:
    optional: true

  effect@3.22.0:
    dependencies:
      '@standard-schema/spec': 1.1.0
      fast-check: 3.23.2

  fast-check@3.23.2:
    dependencies:
      pure-rand: 6.1.0

  find-my-way-ts@0.1.6: {}

  msgpackr-extract@3.0.4:
    dependencies:
      node-gyp-build-optional-packages: 5.2.2
    optionalDependencies:
      '@msgpackr-extract/msgpackr-extract-darwin-arm64': 3.0.4
      '@msgpackr-extract/msgpackr-extract-darwin-x64': 3.0.4
      '@msgpackr-extract/msgpackr-extract-linux-arm': 3.0.4
      '@msgpackr-extract/msgpackr-extract-linux-arm64': 3.0.4
      '@msgpackr-extract/msgpackr-extract-linux-x64': 3.0.4
      '@msgpackr-extract/msgpackr-extract-win32-x64': 3.0.4
    optional: true

  msgpackr@1.12.1:
    optionalDependencies:
      msgpackr-extract: 3.0.4

  multipasta@0.2.8: {}

  node-gyp-build-optional-packages@5.2.2:
    dependencies:
      detect-libc: 2.1.2
    optional: true

  object-inspect@1.13.4: {}

  prettier@3.8.1: {}

  pure-rand@6.1.0: {}

  tslib@2.8.1: {}

  typescript@5.9.3: {}

  undici-types@7.18.2: {}
